
Microsoft Visual Studio Solution File, Format Version 12.00
# Visual Studio 15
VisualStudioVersion = 15.0.27004.2008
MinimumVisualStudioVersion = 10.0.40219.1
Project("{9A19103F-16F7-4668-BE54-9A1E7A4F7556}") = "LeagueOfLegends", "LeagueOfLegends\LeagueOfLegends.csproj", "{1FD12F08-3737-4FA9-B1D1-AF36C40FB291}"
EndProject
Project("{FAE04EC0-301F-11D3-BF4B-00C04F79EFBC}") = "News", "News\News.csproj", "{97EDA3B9-5833-418A-8103-6560161EC1E4}"
EndProject
Global
	GlobalSection(SolutionConfigurationPlatforms) = preSolution
		Debug|Any CPU = Debug|Any CPU
		Release|Any CPU = Release|Any CPU
	EndGlobalSection
	GlobalSection(ProjectConfigurationPlatforms) = postSolution
		{1FD12F08-3737-4FA9-B1D1-AF36C40FB291}.Debug|Any CPU.ActiveCfg = Debug|Any CPU
		{1FD12F08-3737-4FA9-B1D1-AF36C40FB291}.Debug|Any CPU.Build.0 = Debug|Any CPU
		{1FD12F08-3737-4FA9-B1D1-AF36C40FB291}.Release|Any CPU.ActiveCfg = Release|Any CPU
		{1FD12F08-3737-4FA9-B1D1-AF36C40FB291}.Release|Any CPU.Build.0 = Release|Any CPU
		{97EDA3B9-5833-418A-8103-6560161EC1E4}.Debug|Any CPU.ActiveCfg = Debug|Any CPU
		{97EDA3B9-5833-418A-8103-6560161EC1E4}.Debug|Any CPU.Build.0 = Debug|Any CPU
		{97EDA3B9-5833-418A-8103-6560161EC1E4}.Release|Any CPU.ActiveCfg = Release|Any CPU
		{97EDA3B9-5833-418A-8103-6560161EC1E4}.Release|Any CPU.Build.0 = Release|Any CPU
	EndGlobalSection
	GlobalSection(SolutionProperties) = preSolution
		HideSolutionNode = FALSE
	EndGlobalSection
	GlobalSection(ExtensibilityGlobals) = postSolution
		SolutionGuid = {212DDD98-16ED-43F7-916F-6343EF8BFCC7}
	EndGlobalSection
EndGlobal
